
Microsoft Visual Studio Solution File, Format Version 12.00
# Visual Studio Version 16
VisualStudioVersion = 16.0.32002.261
MinimumVisualStudioVersion = 10.0.40219.1
Project("{FAE04EC0-301F-11D3-BF4B-00C04F79EFBC}") = "Myfirstaspwebapp", "Myfirstaspwebapp\Myfirstaspwebapp.csproj", "{CB7394E3-94DA-44D7-8138-7ECBBDF14618}"
EndProject
Global
	GlobalSection(SolutionConfigurationPlatforms) = preSolution
		Debug|Any CPU = Debug|Any CPU
		Release|Any CPU = Release|Any CPU
	EndGlobalSection
	GlobalSection(ProjectConfigurationPlatforms) = postSolution
		{CB7394E3-94DA-44D7-8138-7ECBBDF14618}.Debug|Any CPU.ActiveCfg = Debug|Any CPU
		{CB7394E3-94DA-44D7-8138-7ECBBDF14618}.Debug|Any CPU.Build.0 = Debug|Any CPU
		{CB7394E3-94DA-44D7-8138-7ECBBDF14618}.Release|Any CPU.ActiveCfg = Release|Any CPU
		{CB7394E3-94DA-44D7-8138-7ECBBDF14618}.Release|Any CPU.Build.0 = Release|Any CPU
	EndGlobalSection
	GlobalSection(SolutionProperties) = preSolution
		HideSolutionNode = FALSE
	EndGlobalSection
	GlobalSection(ExtensibilityGlobals) = postSolution
		SolutionGuid = {6F4883D2-9D23-4451-8FBD-CE88999694E9}
	EndGlobalSection
EndGlobal
